// !$*UTF8*$!
{
	archiveVersion = 1;
	classes = {
	};
	objectVersion = 50;
	objects = {

/* Begin PBXBuildFile section */
		730882F02618751700D8479B /* User.swift in Sources */ = {isa = PBXBuildFile; fileRef = 730882EF2618751700D8479B /* User.swift */; };
		730882F32618915100D8479B /* UserCell.swift in Sources */ = {isa = PBXBuildFile; fileRef = 730882F22618915100D8479B /* UserCell.swift */; };
		730882F62618939000D8479B /* UIViewController + Extension.swift in Sources */ = {isa = PBXBuildFile; fileRef = 730882F52618939000D8479B /* UIViewController + Extension.swift */; };
		730BE9B226122D4100F13A74 /* UIFont + Extension.swift in Sources */ = {isa = PBXBuildFile; fileRef = 730BE9B126122D4100F13A74 /* UIFont + Extension.swift */; };
		730BE9B526122E3600F13A74 /* UIColor + Extension.swift in Sources */ = {isa = PBXBuildFile; fileRef = 730BE9B426122E3600F13A74 /* UIColor + Extension.swift */; };
		730BE9BB261231B700F13A74 /* UILabel + Extension.swift in Sources */ = {isa = PBXBuildFile; fileRef = 730BE9BA261231B700F13A74 /* UILabel + Extension.swift */; };
		730BE9C6261242DE00F13A74 /* ButtonFormView.swift in Sources */ = {isa = PBXBuildFile; fileRef = 730BE9C5261242DE00F13A74 /* ButtonFormView.swift */; };
		731B3C9026137330006E1A66 /* LoginViewController.swift in Sources */ = {isa = PBXBuildFile; fileRef = 731B3C8F26137330006E1A66 /* LoginViewController.swift */; };
		732092342618664B00BB19C2 /* SectionHeader.swift in Sources */ = {isa = PBXBuildFile; fileRef = 732092332618664B00BB19C2 /* SectionHeader.swift */; };
		736368672618D70000AC23C0 /* ChatRequestViewController.swift in Sources */ = {isa = PBXBuildFile; fileRef = 736368662618D70000AC23C0 /* ChatRequestViewController.swift */; };
		7366CA8726138A2700F7F02C /* SetupProfileViewController.swift in Sources */ = {isa = PBXBuildFile; fileRef = 7366CA8626138A2700F7F02C /* SetupProfileViewController.swift */; };
		7366CA8A26138BD600F7F02C /* AddPhotoView.swift in Sources */ = {isa = PBXBuildFile; fileRef = 7366CA8926138BD600F7F02C /* AddPhotoView.swift */; };
		7366CA8E26139C4500F7F02C /* UISegmentedControl + Extension.swift in Sources */ = {isa = PBXBuildFile; fileRef = 7366CA8D26139C4500F7F02C /* UISegmentedControl + Extension.swift */; };
		736C7BD22612297A0060346C /* UIButton + Extension.swift in Sources */ = {isa = PBXBuildFile; fileRef = 736C7BD12612297A0060346C /* UIButton + Extension.swift */; };
		737A939C26170A64008A9CEE /* ConversationViewController.swift in Sources */ = {isa = PBXBuildFile; fileRef = 737A939B26170A64008A9CEE /* ConversationViewController.swift */; };
		737A93A126170E70008A9CEE /* MainTabBarController.swift in Sources */ = {isa = PBXBuildFile; fileRef = 737A93A026170E70008A9CEE /* MainTabBarController.swift */; };
		737A93A526170EDA008A9CEE /* PeopleViewController.swift in Sources */ = {isa = PBXBuildFile; fileRef = 737A93A426170EDA008A9CEE /* PeopleViewController.swift */; };
		737A93A826174584008A9CEE /* Bundle Decodable.swift in Sources */ = {isa = PBXBuildFile; fileRef = 737A93A726174584008A9CEE /* Bundle Decodable.swift */; };
		737A93AB26174738008A9CEE /* activeChats.json in Resources */ = {isa = PBXBuildFile; fileRef = 737A93AA26174738008A9CEE /* activeChats.json */; };
		737A93AE2617481C008A9CEE /* waitingChats.json in Resources */ = {isa = PBXBuildFile; fileRef = 737A93AD2617481C008A9CEE /* waitingChats.json */; };
		737A93B426176578008A9CEE /* ActiveChatCell.swift in Sources */ = {isa = PBXBuildFile; fileRef = 737A93B326176578008A9CEE /* ActiveChatCell.swift */; };
		737FDBB326135CD0008F3519 /* SignUpViewController.swift in Sources */ = {isa = PBXBuildFile; fileRef = 737FDBB226135CD0008F3519 /* SignUpViewController.swift */; };
		73A1ECD626184DB6008F8B8E /* GradientView.swift in Sources */ = {isa = PBXBuildFile; fileRef = 73A1ECD526184DB6008F8B8E /* GradientView.swift */; };
		73A1ECD9261853CC008F8B8E /* WaitingChatCell.swift in Sources */ = {isa = PBXBuildFile; fileRef = 73A1ECD8261853CC008F8B8E /* WaitingChatCell.swift */; };
		73A1ECDC2618553F008F8B8E /* ConfiguringCell.swift in Sources */ = {isa = PBXBuildFile; fileRef = 73A1ECDB2618553F008F8B8E /* ConfiguringCell.swift */; };
		73A978AE2618BA2F00A64E44 /* ProfileViewController.swift in Sources */ = {isa = PBXBuildFile; fileRef = 73A978AD2618BA2F00A64E44 /* ProfileViewController.swift */; };
		73A978B12618C82800A64E44 /* InsertableTextField.swift in Sources */ = {isa = PBXBuildFile; fileRef = 73A978B02618C82800A64E44 /* InsertableTextField.swift */; };
		73A978B42618D41B00A64E44 /* UIImageView + Extension.swift in Sources */ = {isa = PBXBuildFile; fileRef = 73A978B32618D41B00A64E44 /* UIImageView + Extension.swift */; };
		73D7C21726124A340008EF74 /* UIStackView + Extension.swift in Sources */ = {isa = PBXBuildFile; fileRef = 73D7C21626124A340008EF74 /* UIStackView + Extension.swift */; };
		73DB784A261908A900CFCB62 /* UIView + Extension.swift in Sources */ = {isa = PBXBuildFile; fileRef = 73DB7849261908A900CFCB62 /* UIView + Extension.swift */; };
		73EBF6C6260B5B140041DD07 /* AppDelegate.swift in Sources */ = {isa = PBXBuildFile; fileRef = 73EBF6C5260B5B140041DD07 /* AppDelegate.swift */; };
		73EBF6C8260B5B140041DD07 /* SceneDelegate.swift in Sources */ = {isa = PBXBuildFile; fileRef = 73EBF6C7260B5B140041DD07 /* SceneDelegate.swift */; };
		73EBF6CA260B5B140041DD07 /* AuthViewController.swift in Sources */ = {isa = PBXBuildFile; fileRef = 73EBF6C9260B5B140041DD07 /* AuthViewController.swift */; };
		73EBF6CF260B5B160041DD07 /* Assets.xcassets in Resources */ = {isa = PBXBuildFile; fileRef = 73EBF6CE260B5B160041DD07 /* Assets.xcassets */; };
		73EBF6D2260B5B160041DD07 /* LaunchScreen.storyboard in Resources */ = {isa = PBXBuildFile; fileRef = 73EBF6D0260B5B160041DD07 /* LaunchScreen.storyboard */; };
		73F1A5FB2613618F00C40FB8 /* OneLineTextField.swift in Sources */ = {isa = PBXBuildFile; fileRef = 73F1A5FA2613618F00C40FB8 /* OneLineTextField.swift */; };
		73F604452618727A00593B2E /* users.json in Resources */ = {isa = PBXBuildFile; fileRef = 73F604442618727A00593B2E /* users.json */; };
		73F6044C2618738F00593B2E /* MChat.swift in Sources */ = {isa = PBXBuildFile; fileRef = 73F6044B2618738F00593B2E /* MChat.swift */; };
/* End PBXBuildFile section */

/* Begin PBXFileReference section */
		730882EF2618751700D8479B /* User.swift */ = {isa = PBXFileReference; lastKnownFileType = sourcecode.swift; path = User.swift; sourceTree = "<group>"; };
		730882F22618915100D8479B /* UserCell.swift */ = {isa = PBXFileReference; lastKnownFileType = sourcecode.swift; path = UserCell.swift; sourceTree = "<group>"; };
		730882F52618939000D8479B /* UIViewController + Extension.swift */ = {isa = PBXFileReference; lastKnownFileType = sourcecode.swift; path = "UIViewController + Extension.swift"; sourceTree = "<group>"; };
		730BE9B126122D4100F13A74 /* UIFont + Extension.swift */ = {isa = PBXFileReference; lastKnownFileType = sourcecode.swift; path = "UIFont + Extension.swift"; sourceTree = "<group>"; };
		730BE9B426122E3600F13A74 /* UIColor + Extension.swift */ = {isa = PBXFileReference; lastKnownFileType = sourcecode.swift; path = "UIColor + Extension.swift"; sourceTree = "<group>"; };
		730BE9BA261231B700F13A74 /* UILabel + Extension.swift */ = {isa = PBXFileReference; lastKnownFileType = sourcecode.swift; path = "UILabel + Extension.swift"; sourceTree = "<group>"; };
		730BE9C5261242DE00F13A74 /* ButtonFormView.swift */ = {isa = PBXFileReference; lastKnownFileType = sourcecode.swift; path = ButtonFormView.swift; sourceTree = "<group>"; };
		731B3C8F26137330006E1A66 /* LoginViewController.swift */ = {isa = PBXFileReference; lastKnownFileType = sourcecode.swift; path = LoginViewController.swift; sourceTree = "<group>"; };
		732092332618664B00BB19C2 /* SectionHeader.swift */ = {isa = PBXFileReference; lastKnownFileType = sourcecode.swift; path = SectionHeader.swift; sourceTree = "<group>"; };
		736368662618D70000AC23C0 /* ChatRequestViewController.swift */ = {isa = PBXFileReference; lastKnownFileType = sourcecode.swift; path = ChatRequestViewController.swift; sourceTree = "<group>"; };
		7366CA8626138A2700F7F02C /* SetupProfileViewController.swift */ = {isa = PBXFileReference; lastKnownFileType = sourcecode.swift; path = SetupProfileViewController.swift; sourceTree = "<group>"; };
		7366CA8926138BD600F7F02C /* AddPhotoView.swift */ = {isa = PBXFileReference; lastKnownFileType = sourcecode.swift; path = AddPhotoView.swift; sourceTree = "<group>"; };
		7366CA8D26139C4500F7F02C /* UISegmentedControl + Extension.swift */ = {isa = PBXFileReference; lastKnownFileType = sourcecode.swift; path = "UISegmentedControl + Extension.swift"; sourceTree = "<group>"; };
		736C7BD12612297A0060346C /* UIButton + Extension.swift */ = {isa = PBXFileReference; lastKnownFileType = sourcecode.swift; path = "UIButton + Extension.swift"; sourceTree = "<group>"; };
		737A939B26170A64008A9CEE /* ConversationViewController.swift */ = {isa = PBXFileReference; lastKnownFileType = sourcecode.swift; path = ConversationViewController.swift; sourceTree = "<group>"; };
		737A93A026170E70008A9CEE /* MainTabBarController.swift */ = {isa = PBXFileReference; lastKnownFileType = sourcecode.swift; path = MainTabBarController.swift; sourceTree = "<group>"; };
		737A93A426170EDA008A9CEE /* PeopleViewController.swift */ = {isa = PBXFileReference; lastKnownFileType = sourcecode.swift; path = PeopleViewController.swift; sourceTree = "<group>"; };
		737A93A726174584008A9CEE /* Bundle Decodable.swift */ = {isa = PBXFileReference; lastKnownFileType = sourcecode.swift; path = "Bundle Decodable.swift"; sourceTree = "<group>"; };
		737A93AA26174738008A9CEE /* activeChats.json */ = {isa = PBXFileReference; lastKnownFileType = text.json; path = activeChats.json; sourceTree = "<group>"; };
		737A93AD2617481C008A9CEE /* waitingChats.json */ = {isa = PBXFileReference; lastKnownFileType = text.json; path = waitingChats.json; sourceTree = "<group>"; };
		737A93B326176578008A9CEE /* ActiveChatCell.swift */ = {isa = PBXFileReference; lastKnownFileType = sourcecode.swift; path = ActiveChatCell.swift; sourceTree = "<group>"; };
		737FDBB226135CD0008F3519 /* SignUpViewController.swift */ = {isa = PBXFileReference; lastKnownFileType = sourcecode.swift; path = SignUpViewController.swift; sourceTree = "<group>"; };
		73A1ECD526184DB6008F8B8E /* GradientView.swift */ = {isa = PBXFileReference; lastKnownFileType = sourcecode.swift; path = GradientView.swift; sourceTree = "<group>"; };
		73A1ECD8261853CC008F8B8E /* WaitingChatCell.swift */ = {isa = PBXFileReference; lastKnownFileType = sourcecode.swift; path = WaitingChatCell.swift; sourceTree = "<group>"; };
		73A1ECDB2618553F008F8B8E /* ConfiguringCell.swift */ = {isa = PBXFileReference; lastKnownFileType = sourcecode.swift; path = ConfiguringCell.swift; sourceTree = "<group>"; };
		73A978AD2618BA2F00A64E44 /* ProfileViewController.swift */ = {isa = PBXFileReference; lastKnownFileType = sourcecode.swift; path = ProfileViewController.swift; sourceTree = "<group>"; };
		73A978B02618C82800A64E44 /* InsertableTextField.swift */ = {isa = PBXFileReference; lastKnownFileType = sourcecode.swift; path = InsertableTextField.swift; sourceTree = "<group>"; };
		73A978B32618D41B00A64E44 /* UIImageView + Extension.swift */ = {isa = PBXFileReference; lastKnownFileType = sourcecode.swift; path = "UIImageView + Extension.swift"; sourceTree = "<group>"; };
		73D7C21626124A340008EF74 /* UIStackView + Extension.swift */ = {isa = PBXFileReference; lastKnownFileType = sourcecode.swift; path = "UIStackView + Extension.swift"; sourceTree = "<group>"; };
		73DB7849261908A900CFCB62 /* UIView + Extension.swift */ = {isa = PBXFileReference; lastKnownFileType = sourcecode.swift; path = "UIView + Extension.swift"; sourceTree = "<group>"; };
		73EBF6C2260B5B140041DD07 /* Chatty.app */ = {isa = PBXFileReference; explicitFileType = wrapper.application; includeInIndex = 0; path = Chatty.app; sourceTree = BUILT_PRODUCTS_DIR; };
		73EBF6C5260B5B140041DD07 /* AppDelegate.swift */ = {isa = PBXFileReference; lastKnownFileType = sourcecode.swift; path = AppDelegate.swift; sourceTree = "<group>"; };
		73EBF6C7260B5B140041DD07 /* SceneDelegate.swift */ = {isa = PBXFileReference; lastKnownFileType = sourcecode.swift; path = SceneDelegate.swift; sourceTree = "<group>"; };
		73EBF6C9260B5B140041DD07 /* AuthViewController.swift */ = {isa = PBXFileReference; lastKnownFileType = sourcecode.swift; path = AuthViewController.swift; sourceTree = "<group>"; };
		73EBF6CE260B5B160041DD07 /* Assets.xcassets */ = {isa = PBXFileReference; lastKnownFileType = folder.assetcatalog; path = Assets.xcassets; sourceTree = "<group>"; };
		73EBF6D1260B5B160041DD07 /* Base */ = {isa = PBXFileReference; lastKnownFileType = file.storyboard; name = Base; path = Base.lproj/LaunchScreen.storyboard; sourceTree = "<group>"; };
		73EBF6D3260B5B160041DD07 /* Info.plist */ = {isa = PBXFileReference; lastKnownFileType = text.plist.xml; path = Info.plist; sourceTree = "<group>"; };
		73F1A5FA2613618F00C40FB8 /* OneLineTextField.swift */ = {isa = PBXFileReference; lastKnownFileType = sourcecode.swift; path = OneLineTextField.swift; sourceTree = "<group>"; };
		73F604442618727A00593B2E /* users.json */ = {isa = PBXFileReference; lastKnownFileType = text.json; path = users.json; sourceTree = "<group>"; };
		73F6044B2618738F00593B2E /* MChat.swift */ = {isa = PBXFileReference; lastKnownFileType = sourcecode.swift; path = MChat.swift; sourceTree = "<group>"; };
/* End PBXFileReference section */

/* Begin PBXFrameworksBuildPhase section */
		73EBF6BF260B5B140041DD07 /* Frameworks */ = {
			isa = PBXFrameworksBuildPhase;
			buildActionMask = 2147483647;
			files = (
			);
			runOnlyForDeploymentPostprocessing = 0;
		};
/* End PBXFrameworksBuildPhase section */

/* Begin PBXGroup section */
		730BE9BD26123D6B00F13A74 /* UIKit */ = {
			isa = PBXGroup;
			children = (
				730BE9BA261231B700F13A74 /* UILabel + Extension.swift */,
				730BE9B426122E3600F13A74 /* UIColor + Extension.swift */,
				730882F52618939000D8479B /* UIViewController + Extension.swift */,
				73DB7849261908A900CFCB62 /* UIView + Extension.swift */,
				7366CA8D26139C4500F7F02C /* UISegmentedControl + Extension.swift */,
				73A978B32618D41B00A64E44 /* UIImageView + Extension.swift */,
				730BE9B126122D4100F13A74 /* UIFont + Extension.swift */,
				736C7BD12612297A0060346C /* UIButton + Extension.swift */,
				73D7C21626124A340008EF74 /* UIStackView + Extension.swift */,
			);
			path = UIKit;
			sourceTree = "<group>";
		};
		730BE9BF26123D7900F13A74 /* Extensions */ = {
			isa = PBXGroup;
			children = (
				730BE9C5261242DE00F13A74 /* ButtonFormView.swift */,
				73F1A5FA2613618F00C40FB8 /* OneLineTextField.swift */,
				73A1ECD526184DB6008F8B8E /* GradientView.swift */,
				73A978B02618C82800A64E44 /* InsertableTextField.swift */,
				7366CA8926138BD600F7F02C /* AddPhotoView.swift */,
				737A93A726174584008A9CEE /* Bundle Decodable.swift */,
				730BE9BD26123D6B00F13A74 /* UIKit */,
			);
			path = Extensions;
			sourceTree = "<group>";
		};
		730BE9C126123D9300F13A74 /* Support files */ = {
			isa = PBXGroup;
			children = (
				73EBF6C5260B5B140041DD07 /* AppDelegate.swift */,
				73EBF6C7260B5B140041DD07 /* SceneDelegate.swift */,
				73EBF6D3260B5B160041DD07 /* Info.plist */,
			);
			path = "Support files";
			sourceTree = "<group>";
		};
		730BE9C326123DA000F13A74 /* Resource */ = {
			isa = PBXGroup;
			children = (
				73EBF6CE260B5B160041DD07 /* Assets.xcassets */,
			);
			path = Resource;
			sourceTree = "<group>";
		};
		737A939E26170E48008A9CEE /* SignIn_Auth */ = {
			isa = PBXGroup;
			children = (
				73EBF6C9260B5B140041DD07 /* AuthViewController.swift */,
				737FDBB226135CD0008F3519 /* SignUpViewController.swift */,
				7366CA8626138A2700F7F02C /* SetupProfileViewController.swift */,
				731B3C8F26137330006E1A66 /* LoginViewController.swift */,
			);
			path = SignIn_Auth;
			sourceTree = "<group>";
		};
		737A93B02617486D008A9CEE /* Data */ = {
			isa = PBXGroup;
			children = (
				737A93AA26174738008A9CEE /* activeChats.json */,
				73F604442618727A00593B2E /* users.json */,
				737A93AD2617481C008A9CEE /* waitingChats.json */,
			);
			path = Data;
			sourceTree = "<group>";
		};
		737A93B22617655D008A9CEE /* Controllers */ = {
			isa = PBXGroup;
			children = (
				737A93A026170E70008A9CEE /* MainTabBarController.swift */,
				737A939B26170A64008A9CEE /* ConversationViewController.swift */,
				737A93A426170EDA008A9CEE /* PeopleViewController.swift */,
				73A978AD2618BA2F00A64E44 /* ProfileViewController.swift */,
				736368662618D70000AC23C0 /* ChatRequestViewController.swift */,
				73F60448261872E700593B2E /* Header */,
				737A93B62617659C008A9CEE /* Cell */,
			);
			path = Controllers;
			sourceTree = "<group>";
		};
		737A93B62617659C008A9CEE /* Cell */ = {
			isa = PBXGroup;
			children = (
				737A93B326176578008A9CEE /* ActiveChatCell.swift */,
				73A1ECD8261853CC008F8B8E /* WaitingChatCell.swift */,
				730882F22618915100D8479B /* UserCell.swift */,
			);
			path = Cell;
			sourceTree = "<group>";
		};
		73A1ECDE26185571008F8B8E /* Protocols */ = {
			isa = PBXGroup;
			children = (
				73A1ECDB2618553F008F8B8E /* ConfiguringCell.swift */,
			);
			path = Protocols;
			sourceTree = "<group>";
		};
		73EBF6B9260B5B140041DD07 = {
			isa = PBXGroup;
			children = (
				73EBF6C4260B5B140041DD07 /* Chatty */,
				73EBF6C3260B5B140041DD07 /* Products */,
			);
			sourceTree = "<group>";
		};
		73EBF6C3260B5B140041DD07 /* Products */ = {
			isa = PBXGroup;
			children = (
				73EBF6C2260B5B140041DD07 /* Chatty.app */,
			);
			name = Products;
			sourceTree = "<group>";
		};
		73EBF6C4260B5B140041DD07 /* Chatty */ = {
			isa = PBXGroup;
			children = (
				730BE9C126123D9300F13A74 /* Support files */,
				73F6044F261873A200593B2E /* Model */,
				737A939E26170E48008A9CEE /* SignIn_Auth */,
				737A93B22617655D008A9CEE /* Controllers */,
				73A1ECDE26185571008F8B8E /* Protocols */,
				730BE9BF26123D7900F13A74 /* Extensions */,
				730BE9C326123DA000F13A74 /* Resource */,
				737A93B02617486D008A9CEE /* Data */,
				73EBF6D0260B5B160041DD07 /* LaunchScreen.storyboard */,
			);
			path = Chatty;
			sourceTree = "<group>";
		};
		73F60448261872E700593B2E /* Header */ = {
			isa = PBXGroup;
			children = (
				732092332618664B00BB19C2 /* SectionHeader.swift */,
			);
			path = Header;
			sourceTree = "<group>";
		};
		73F6044F261873A200593B2E /* Model */ = {
			isa = PBXGroup;
			children = (
				73F6044B2618738F00593B2E /* MChat.swift */,
				730882EF2618751700D8479B /* User.swift */,
			);
			path = Model;
			sourceTree = "<group>";
		};
/* End PBXGroup section */

/* Begin PBXNativeTarget section */
		73EBF6C1260B5B140041DD07 /* Chatty */ = {
			isa = PBXNativeTarget;
			buildConfigurationList = 73EBF6D6260B5B160041DD07 /* Build configuration list for PBXNativeTarget "Chatty" */;
			buildPhases = (
				73EBF6BE260B5B140041DD07 /* Sources */,
				73EBF6BF260B5B140041DD07 /* Frameworks */,
				73EBF6C0260B5B140041DD07 /* Resources */,
			);
			buildRules = (
			);
			dependencies = (
			);
			name = Chatty;
			productName = Chatty;
			productReference = 73EBF6C2260B5B140041DD07 /* Chatty.app */;
			productType = "com.apple.product-type.application";
		};
/* End PBXNativeTarget section */

/* Begin PBXProject section */
		73EBF6BA260B5B140041DD07 /* Project object */ = {
			isa = PBXProject;
			attributes = {
				LastSwiftUpdateCheck = 1240;
				LastUpgradeCheck = 1240;
				TargetAttributes = {
					73EBF6C1260B5B140041DD07 = {
						CreatedOnToolsVersion = 12.4;
					};
				};
			};
			buildConfigurationList = 73EBF6BD260B5B140041DD07 /* Build configuration list for PBXProject "Chatty" */;
			compatibilityVersion = "Xcode 9.3";
			developmentRegion = en;
			hasScannedForEncodings = 0;
			knownRegions = (
				en,
				Base,
			);
			mainGroup = 73EBF6B9260B5B140041DD07;
			productRefGroup = 73EBF6C3260B5B140041DD07 /* Products */;
			projectDirPath = "";
			projectRoot = "";
			targets = (
				73EBF6C1260B5B140041DD07 /* Chatty */,
			);
		};
/* End PBXProject section */

/* Begin PBXResourcesBuildPhase section */
		73EBF6C0260B5B140041DD07 /* Resources */ = {
			isa = PBXResourcesBuildPhase;
			buildActionMask = 2147483647;
			files = (
				73F604452618727A00593B2E /* users.json in Resources */,
				73EBF6D2260B5B160041DD07 /* LaunchScreen.storyboard in Resources */,
				737A93AB26174738008A9CEE /* activeChats.json in Resources */,
				73EBF6CF260B5B160041DD07 /* Assets.xcassets in Resources */,
				737A93AE2617481C008A9CEE /* waitingChats.json in Resources */,
			);
			runOnlyForDeploymentPostprocessing = 0;
		};
/* End PBXResourcesBuildPhase section */

/* Begin PBXSourcesBuildPhase section */
		73EBF6BE260B5B140041DD07 /* Sources */ = {
			isa = PBXSourcesBuildPhase;
			buildActionMask = 2147483647;
			files = (
				736368672618D70000AC23C0 /* ChatRequestViewController.swift in Sources */,
				730882F02618751700D8479B /* User.swift in Sources */,
				731B3C9026137330006E1A66 /* LoginViewController.swift in Sources */,
				730BE9B526122E3600F13A74 /* UIColor + Extension.swift in Sources */,
				73A1ECDC2618553F008F8B8E /* ConfiguringCell.swift in Sources */,
				73A978B12618C82800A64E44 /* InsertableTextField.swift in Sources */,
				737A93A826174584008A9CEE /* Bundle Decodable.swift in Sources */,
				730882F32618915100D8479B /* UserCell.swift in Sources */,
				737A93B426176578008A9CEE /* ActiveChatCell.swift in Sources */,
				736C7BD22612297A0060346C /* UIButton + Extension.swift in Sources */,
				73EBF6CA260B5B140041DD07 /* AuthViewController.swift in Sources */,
				730BE9BB261231B700F13A74 /* UILabel + Extension.swift in Sources */,
				730882F62618939000D8479B /* UIViewController + Extension.swift in Sources */,
				737A93A526170EDA008A9CEE /* PeopleViewController.swift in Sources */,
				737A93A126170E70008A9CEE /* MainTabBarController.swift in Sources */,
				73A978AE2618BA2F00A64E44 /* ProfileViewController.swift in Sources */,
				73F6044C2618738F00593B2E /* MChat.swift in Sources */,
				737FDBB326135CD0008F3519 /* SignUpViewController.swift in Sources */,
				7366CA8E26139C4500F7F02C /* UISegmentedControl + Extension.swift in Sources */,
				73A1ECD626184DB6008F8B8E /* GradientView.swift in Sources */,
				73EBF6C6260B5B140041DD07 /* AppDelegate.swift in Sources */,
				73F1A5FB2613618F00C40FB8 /* OneLineTextField.swift in Sources */,
				7366CA8726138A2700F7F02C /* SetupProfileViewController.swift in Sources */,
				73A1ECD9261853CC008F8B8E /* WaitingChatCell.swift in Sources */,
				7366CA8A26138BD600F7F02C /* AddPhotoView.swift in Sources */,
				73A978B42618D41B00A64E44 /* UIImageView + Extension.swift in Sources */,
				73DB784A261908A900CFCB62 /* UIView + Extension.swift in Sources */,
				730BE9C6261242DE00F13A74 /* ButtonFormView.swift in Sources */,
				73D7C21726124A340008EF74 /* UIStackView + Extension.swift in Sources */,
				732092342618664B00BB19C2 /* SectionHeader.swift in Sources */,
				73EBF6C8260B5B140041DD07 /* SceneDelegate.swift in Sources */,
				737A939C26170A64008A9CEE /* ConversationViewController.swift in Sources */,
				730BE9B226122D4100F13A74 /* UIFont + Extension.swift in Sources */,
			);
			runOnlyForDeploymentPostprocessing = 0;
		};
/* End PBXSourcesBuildPhase section */

/* Begin PBXVariantGroup section */
		73EBF6D0260B5B160041DD07 /* LaunchScreen.storyboard */ = {
			isa = PBXVariantGroup;
			children = (
				73EBF6D1260B5B160041DD07 /* Base */,
			);
			name = LaunchScreen.storyboard;
			sourceTree = "<group>";
		};
/* End PBXVariantGroup section */

/* Begin XCBuildConfiguration section */
		73EBF6D4260B5B160041DD07 /* Debug */ = {
			isa = XCBuildConfiguration;
			buildSettings = {
				ALWAYS_SEARCH_USER_PATHS = NO;
				CLANG_ANALYZER_NONNULL = YES;
				CLANG_ANALYZER_NUMBER_OBJECT_CONVERSION = YES_AGGRESSIVE;
				CLANG_CXX_LANGUAGE_STANDARD = "gnu++14";
				CLANG_CXX_LIBRARY = "libc++";
				CLANG_ENABLE_MODULES = YES;
				CLANG_ENABLE_OBJC_ARC = YES;
				CLANG_ENABLE_OBJC_WEAK = YES;
				CLANG_WARN_BLOCK_CAPTURE_AUTORELEASING = YES;
				CLANG_WARN_BOOL_CONVERSION = YES;
				CLANG_WARN_COMMA = YES;
				CLANG_WARN_CONSTANT_CONVERSION = YES;
				CLANG_WARN_DEPRECATED_OBJC_IMPLEMENTATIONS = YES;
				CLANG_WARN_DIRECT_OBJC_ISA_USAGE = YES_ERROR;
				CLANG_WARN_DOCUMENTATION_COMMENTS = YES;
				CLANG_WARN_EMPTY_BODY = YES;
				CLANG_WARN_ENUM_CONVERSION = YES;
				CLANG_WARN_INFINITE_RECURSION = YES;
				CLANG_WARN_INT_CONVERSION = YES;
				CLANG_WARN_NON_LITERAL_NULL_CONVERSION = YES;
				CLANG_WARN_OBJC_IMPLICIT_RETAIN_SELF = YES;
				CLANG_WARN_OBJC_LITERAL_CONVERSION = YES;
				CLANG_WARN_OBJC_ROOT_CLASS = YES_ERROR;
				CLANG_WARN_QUOTED_INCLUDE_IN_FRAMEWORK_HEADER = YES;
				CLANG_WARN_RANGE_LOOP_ANALYSIS = YES;
				CLANG_WARN_STRICT_PROTOTYPES = YES;
				CLANG_WARN_SUSPICIOUS_MOVE = YES;
				CLANG_WARN_UNGUARDED_AVAILABILITY = YES_AGGRESSIVE;
				CLANG_WARN_UNREACHABLE_CODE = YES;
				CLANG_WARN__DUPLICATE_METHOD_MATCH = YES;
				COPY_PHASE_STRIP = NO;
				DEBUG_INFORMATION_FORMAT = dwarf;
				ENABLE_STRICT_OBJC_MSGSEND = YES;
				ENABLE_TESTABILITY = YES;
				GCC_C_LANGUAGE_STANDARD = gnu11;
				GCC_DYNAMIC_NO_PIC = NO;
				GCC_NO_COMMON_BLOCKS = YES;
				GCC_OPTIMIZATION_LEVEL = 0;
				GCC_PREPROCESSOR_DEFINITIONS = (
					"DEBUG=1",
					"$(inherited)",
				);
				GCC_WARN_64_TO_32_BIT_CONVERSION = YES;
				GCC_WARN_ABOUT_RETURN_TYPE = YES_ERROR;
				GCC_WARN_UNDECLARED_SELECTOR = YES;
				GCC_WARN_UNINITIALIZED_AUTOS = YES_AGGRESSIVE;
				GCC_WARN_UNUSED_FUNCTION = YES;
				GCC_WARN_UNUSED_VARIABLE = YES;
				IPHONEOS_DEPLOYMENT_TARGET = 14.4;
				MTL_ENABLE_DEBUG_INFO = INCLUDE_SOURCE;
				MTL_FAST_MATH = YES;
				ONLY_ACTIVE_ARCH = YES;
				SDKROOT = iphoneos;
				SWIFT_ACTIVE_COMPILATION_CONDITIONS = DEBUG;
				SWIFT_OPTIMIZATION_LEVEL = "-Onone";
			};
			name = Debug;
		};
		73EBF6D5260B5B160041DD07 /* Release */ = {
			isa = XCBuildConfiguration;
			buildSettings = {
				ALWAYS_SEARCH_USER_PATHS = NO;
				CLANG_ANALYZER_NONNULL = YES;
				CLANG_ANALYZER_NUMBER_OBJECT_CONVERSION = YES_AGGRESSIVE;
				CLANG_CXX_LANGUAGE_STANDARD = "gnu++14";
				CLANG_CXX_LIBRARY = "libc++";
				CLANG_ENABLE_MODULES = YES;
				CLANG_ENABLE_OBJC_ARC = YES;
				CLANG_ENABLE_OBJC_WEAK = YES;
				CLANG_WARN_BLOCK_CAPTURE_AUTORELEASING = YES;
				CLANG_WARN_BOOL_CONVERSION = YES;
				CLANG_WARN_COMMA = YES;
				CLANG_WARN_CONSTANT_CONVERSION = YES;
				CLANG_WARN_DEPRECATED_OBJC_IMPLEMENTATIONS = YES;
				CLANG_WARN_DIRECT_OBJC_ISA_USAGE = YES_ERROR;
				CLANG_WARN_DOCUMENTATION_COMMENTS = YES;
				CLANG_WARN_EMPTY_BODY = YES;
				CLANG_WARN_ENUM_CONVERSION = YES;
				CLANG_WARN_INFINITE_RECURSION = YES;
				CLANG_WARN_INT_CONVERSION = YES;
				CLANG_WARN_NON_LITERAL_NULL_CONVERSION = YES;
				CLANG_WARN_OBJC_IMPLICIT_RETAIN_SELF = YES;
				CLANG_WARN_OBJC_LITERAL_CONVERSION = YES;
				CLANG_WARN_OBJC_ROOT_CLASS = YES_ERROR;
				CLANG_WARN_QUOTED_INCLUDE_IN_FRAMEWORK_HEADER = YES;
				CLANG_WARN_RANGE_LOOP_ANALYSIS = YES;
				CLANG_WARN_STRICT_PROTOTYPES = YES;
				CLANG_WARN_SUSPICIOUS_MOVE = YES;
				CLANG_WARN_UNGUARDED_AVAILABILITY = YES_AGGRESSIVE;
				CLANG_WARN_UNREACHABLE_CODE = YES;
				CLANG_WARN__DUPLICATE_METHOD_MATCH = YES;
				COPY_PHASE_STRIP = NO;
				DEBUG_INFORMATION_FORMAT = "dwarf-with-dsym";
				ENABLE_NS_ASSERTIONS = NO;
				ENABLE_STRICT_OBJC_MSGSEND = YES;
				GCC_C_LANGUAGE_STANDARD = gnu11;
				GCC_NO_COMMON_BLOCKS = YES;
				GCC_WARN_64_TO_32_BIT_CONVERSION = YES;
				GCC_WARN_ABOUT_RETURN_TYPE = YES_ERROR;
				GCC_WARN_UNDECLARED_SELECTOR = YES;
				GCC_WARN_UNINITIALIZED_AUTOS = YES_AGGRESSIVE;
				GCC_WARN_UNUSED_FUNCTION = YES;
				GCC_WARN_UNUSED_VARIABLE = YES;
				IPHONEOS_DEPLOYMENT_TARGET = 14.4;
				MTL_ENABLE_DEBUG_INFO = NO;
				MTL_FAST_MATH = YES;
				SDKROOT = iphoneos;
				SWIFT_COMPILATION_MODE = wholemodule;
				SWIFT_OPTIMIZATION_LEVEL = "-O";
				VALIDATE_PRODUCT = YES;
			};
			name = Release;
		};
		73EBF6D7260B5B160041DD07 /* Debug */ = {
			isa = XCBuildConfiguration;
			buildSettings = {
				ASSETCATALOG_COMPILER_APPICON_NAME = AppIcon;
				ASSETCATALOG_COMPILER_GLOBAL_ACCENT_COLOR_NAME = AccentColor;
				CODE_SIGN_STYLE = Automatic;
				DEVELOPMENT_TEAM = B2QTMYC792;
				INFOPLIST_FILE = "Chatty/Support files/Info.plist";
				LD_RUNPATH_SEARCH_PATHS = (
					"$(inherited)",
					"@executable_path/Frameworks",
				);
				PRODUCT_BUNDLE_IDENTIFIER = redbull76.Chatty;
				PRODUCT_NAME = "$(TARGET_NAME)";
				SWIFT_VERSION = 5.0;
				TARGETED_DEVICE_FAMILY = 1;
			};
			name = Debug;
		};
		73EBF6D8260B5B160041DD07 /* Release */ = {
			isa = XCBuildConfiguration;
			buildSettings = {
				ASSETCATALOG_COMPILER_APPICON_NAME = AppIcon;
				ASSETCATALOG_COMPILER_GLOBAL_ACCENT_COLOR_NAME = AccentColor;
				CODE_SIGN_STYLE = Automatic;
				DEVELOPMENT_TEAM = B2QTMYC792;
				INFOPLIST_FILE = "Chatty/Support files/Info.plist";
				LD_RUNPATH_SEARCH_PATHS = (
					"$(inherited)",
					"@executable_path/Frameworks",
				);
				PRODUCT_BUNDLE_IDENTIFIER = redbull76.Chatty;
				PRODUCT_NAME = "$(TARGET_NAME)";
				SWIFT_VERSION = 5.0;
				TARGETED_DEVICE_FAMILY = 1;
			};
			name = Release;
		};
/* End XCBuildConfiguration section */

/* Begin XCConfigurationList section */
		73EBF6BD260B5B140041DD07 /* Build configuration list for PBXProject "Chatty" */ = {
			isa = XCConfigurationList;
			buildConfigurations = (
				73EBF6D4260B5B160041DD07 /* Debug */,
				73EBF6D5260B5B160041DD07 /* Release */,
			);
			defaultConfigurationIsVisible = 0;
			defaultConfigurationName = Release;
		};
		73EBF6D6260B5B160041DD07 /* Build configuration list for PBXNativeTarget "Chatty" */ = {
			isa = XCConfigurationList;
			buildConfigurations = (
				73EBF6D7260B5B160041DD07 /* Debug */,
				73EBF6D8260B5B160041DD07 /* Release */,
			);
			defaultConfigurationIsVisible = 0;
			defaultConfigurationName = Release;
		};
/* End XCConfigurationList section */
	};
	rootObject = 73EBF6BA260B5B140041DD07 /* Project object */;
}
